
Microsoft Visual Studio Solution File, Format Version 12.00
# Visual Studio Version 16
VisualStudioVersion = 16.0.30907.101
MinimumVisualStudioVersion = 10.0.40219.1
Project("{FAE04EC0-301F-11D3-BF4B-00C04F79EFBC}") = "Blackjack", "Blackjack.csproj", "{E3101C7C-8A51-486F-908E-80F00A604716}"
EndProject
Global
	GlobalSection(SolutionConfigurationPlatforms) = preSolution
		Debug|Any CPU = Debug|Any CPU
		Release|Any CPU = Release|Any CPU
	EndGlobalSection
	GlobalSection(ProjectConfigurationPlatforms) = postSolution
		{E3101C7C-8A51-486F-908E-80F00A604716}.Debug|Any CPU.ActiveCfg = Debug|Any CPU
		{E3101C7C-8A51-486F-908E-80F00A604716}.Debug|Any CPU.Build.0 = Debug|Any CPU
		{E3101C7C-8A51-486F-908E-80F00A604716}.Release|Any CPU.ActiveCfg = Release|Any CPU
		{E3101C7C-8A51-486F-908E-80F00A604716}.Release|Any CPU.Build.0 = Release|Any CPU
	EndGlobalSection
	GlobalSection(SolutionProperties) = preSolution
		HideSolutionNode = FALSE
	EndGlobalSection
	GlobalSection(ExtensibilityGlobals) = postSolution
		SolutionGuid = {FF988D7D-0ED1-4671-9F2A-A6B68C43A11D}
	EndGlobalSection
EndGlobal
